
Microsoft Visual Studio Solution File, Format Version 12.00
# Visual Studio Version 17
VisualStudioVersion = 17.0.32112.339
MinimumVisualStudioVersion = 10.0.40219.1
Project("{FAE04EC0-301F-11D3-BF4B-00C04F79EFBC}") = "KT", "KT\KT.csproj", "{039D3E50-C00F-483B-82F4-59909AEA0F96}"
EndProject
Global
	GlobalSection(SolutionConfigurationPlatforms) = preSolution
		Debug|Any CPU = Debug|Any CPU
		Release|Any CPU = Release|Any CPU
	EndGlobalSection
	GlobalSection(ProjectConfigurationPlatforms) = postSolution
		{039D3E50-C00F-483B-82F4-59909AEA0F96}.Debug|Any CPU.ActiveCfg = Debug|Any CPU
		{039D3E50-C00F-483B-82F4-59909AEA0F96}.Debug|Any CPU.Build.0 = Debug|Any CPU
		{039D3E50-C00F-483B-82F4-59909AEA0F96}.Release|Any CPU.ActiveCfg = Release|Any CPU
		{039D3E50-C00F-483B-82F4-59909AEA0F96}.Release|Any CPU.Build.0 = Release|Any CPU
	EndGlobalSection
	GlobalSection(SolutionProperties) = preSolution
		HideSolutionNode = FALSE
	EndGlobalSection
	GlobalSection(ExtensibilityGlobals) = postSolution
		SolutionGuid = {A6101E52-51AE-4981-A3F2-8D545D826866}
	EndGlobalSection
EndGlobal
